
Microsoft Visual Studio Solution File, Format Version 12.00
# Visual Studio Version 17
VisualStudioVersion = 17.9.34728.123
MinimumVisualStudioVersion = 10.0.40219.1
Project("{FAE04EC0-301F-11D3-BF4B-00C04F79EFBC}") = "MyBanker", "MyBanker\MyBanker.csproj", "{3C822D89-CF93-4A8E-A6F1-CD512AE75115}"
EndProject
Global
	GlobalSection(SolutionConfigurationPlatforms) = preSolution
		Debug|Any CPU = Debug|Any CPU
		Release|Any CPU = Release|Any CPU
	EndGlobalSection
	GlobalSection(ProjectConfigurationPlatforms) = postSolution
		{3C822D89-CF93-4A8E-A6F1-CD512AE75115}.Debug|Any CPU.ActiveCfg = Debug|Any CPU
		{3C822D89-CF93-4A8E-A6F1-CD512AE75115}.Debug|Any CPU.Build.0 = Debug|Any CPU
		{3C822D89-CF93-4A8E-A6F1-CD512AE75115}.Release|Any CPU.ActiveCfg = Release|Any CPU
		{3C822D89-CF93-4A8E-A6F1-CD512AE75115}.Release|Any CPU.Build.0 = Release|Any CPU
	EndGlobalSection
	GlobalSection(SolutionProperties) = preSolution
		HideSolutionNode = FALSE
	EndGlobalSection
	GlobalSection(ExtensibilityGlobals) = postSolution
		SolutionGuid = {CCFC9BB0-9CD1-4284-B9F8-1F0ECDE67B21}
	EndGlobalSection
EndGlobal
